
Microsoft Visual Studio Solution File, Format Version 12.00
# Visual Studio Version 16
VisualStudioVersion = 16.0.29728.190
MinimumVisualStudioVersion = 10.0.40219.1
Project("{9A19103F-16F7-4668-BE54-9A1E7A4F7556}") = "ASP.Core.GraphQL.Api", "ASP.Core.GraphQL.Api\ASP.Core.GraphQL.Api.csproj", "{EF11C84D-7282-43BA-A8AC-B519CDA31AC4}"
EndProject
Project("{9A19103F-16F7-4668-BE54-9A1E7A4F7556}") = "ASP.Core.GraphQL.Client", "ASP.Core.GraphQL.Client\ASP.Core.GraphQL.Client.csproj", "{AB852AF9-A3E0-4176-A2AD-FBA14F48AB8F}"
EndProject
Project("{9A19103F-16F7-4668-BE54-9A1E7A4F7556}") = "ASP.Core.GraphQL.Database", "ASP.Core.GraphQL.Database\ASP.Core.GraphQL.Database.csproj", "{55EB6C78-A591-49D5-BB62-4A687A41B9E8}"
EndProject
Project("{FAE04EC0-301F-11D3-BF4B-00C04F79EFBC}") = "ASP.Core.GraphQL.Services", "ASP.Core.GraphQL.Services\ASP.Core.GraphQL.Services.csproj", "{D3DFC277-B804-4CC6-8702-47B7D4B24DE8}"
EndProject
Global
	GlobalSection(SolutionConfigurationPlatforms) = preSolution
		Debug|Any CPU = Debug|Any CPU
		Release|Any CPU = Release|Any CPU
	EndGlobalSection
	GlobalSection(ProjectConfigurationPlatforms) = postSolution
		{EF11C84D-7282-43BA-A8AC-B519CDA31AC4}.Debug|Any CPU.ActiveCfg = Debug|Any CPU
		{EF11C84D-7282-43BA-A8AC-B519CDA31AC4}.Debug|Any CPU.Build.0 = Debug|Any CPU
		{EF11C84D-7282-43BA-A8AC-B519CDA31AC4}.Release|Any CPU.ActiveCfg = Release|Any CPU
		{EF11C84D-7282-43BA-A8AC-B519CDA31AC4}.Release|Any CPU.Build.0 = Release|Any CPU
		{AB852AF9-A3E0-4176-A2AD-FBA14F48AB8F}.Debug|Any CPU.ActiveCfg = Debug|Any CPU
		{AB852AF9-A3E0-4176-A2AD-FBA14F48AB8F}.Debug|Any CPU.Build.0 = Debug|Any CPU
		{AB852AF9-A3E0-4176-A2AD-FBA14F48AB8F}.Release|Any CPU.ActiveCfg = Release|Any CPU
		{AB852AF9-A3E0-4176-A2AD-FBA14F48AB8F}.Release|Any CPU.Build.0 = Release|Any CPU
		{55EB6C78-A591-49D5-BB62-4A687A41B9E8}.Debug|Any CPU.ActiveCfg = Debug|Any CPU
		{55EB6C78-A591-49D5-BB62-4A687A41B9E8}.Debug|Any CPU.Build.0 = Debug|Any CPU
		{55EB6C78-A591-49D5-BB62-4A687A41B9E8}.Release|Any CPU.ActiveCfg = Release|Any CPU
		{55EB6C78-A591-49D5-BB62-4A687A41B9E8}.Release|Any CPU.Build.0 = Release|Any CPU
		{D3DFC277-B804-4CC6-8702-47B7D4B24DE8}.Debug|Any CPU.ActiveCfg = Debug|Any CPU
		{D3DFC277-B804-4CC6-8702-47B7D4B24DE8}.Debug|Any CPU.Build.0 = Debug|Any CPU
		{D3DFC277-B804-4CC6-8702-47B7D4B24DE8}.Release|Any CPU.ActiveCfg = Release|Any CPU
		{D3DFC277-B804-4CC6-8702-47B7D4B24DE8}.Release|Any CPU.Build.0 = Release|Any CPU
	EndGlobalSection
	GlobalSection(SolutionProperties) = preSolution
		HideSolutionNode = FALSE
	EndGlobalSection
	GlobalSection(ExtensibilityGlobals) = postSolution
		SolutionGuid = {1F0BD4B0-F2A2-4489-9F7A-D555035DC08C}
	EndGlobalSection
EndGlobal
